dependencies:
- name: mysql
  repository: https://charts.bitnami.com/bitnami
  version: 9.23.0
- name: postgresql
  repository: https://charts.bitnami.com/bitnami
  version: 15.2.9
- name: postgresql-ha
  repository: https://charts.bitnami.com/bitnami
  version: 9.4.11
- name: rabbitmq
  repository: https://charts.bitnami.com/bitnami
  version: 14.1.2
- name: redis
  repository: https://charts.bitnami.com/bitnami
  version: 19.3.0
digest: sha256:c7daa7e5ac5ff24f18f8c96c071f9ed6aa59b1601c3c1131a6717dfa0877938c
generated: "2024-05-09T21:03:34.732634941Z"
